// !$*UTF8*$!
{
	archiveVersion = 1;
	classes = {
	};
	objectVersion = 46;
	objects = {

/* Begin PBXBuildFile section */
		5C1D37C61D538FC0001A88EA /* Roboto-Bold.ttf in Resources */ = {isa = PBXBuildFile; fileRef = 5C1D37C21D538FC0001A88EA /* Roboto-Bold.ttf */; };
		5C1D37C71D538FC0001A88EA /* Roboto-Light.ttf in Resources */ = {isa = PBXBuildFile; fileRef = 5C1D37C31D538FC0001A88EA /* Roboto-Light.ttf */; };
		5C1D37C81D538FC0001A88EA /* Roboto-Medium.ttf in Resources */ = {isa = PBXBuildFile; fileRef = 5C1D37C41D538FC0001A88EA /* Roboto-Medium.ttf */; };
		5C1D37C91D538FC0001A88EA /* Roboto-Regular.ttf in Resources */ = {isa = PBXBuildFile; fileRef = 5C1D37C51D538FC0001A88EA /* Roboto-Regular.ttf */; };
		5C1D37CC1D539072001A88EA /* DishDashItemCollectionCell.m in Sources */ = {isa = PBXBuildFile; fileRef = 5C1D37CB1D539072001A88EA /* DishDashItemCollectionCell.m */; };
		5C1D37CE1D5392D8001A88EA /* DishItems.plist in Resources */ = {isa = PBXBuildFile; fileRef = 5C1D37CD1D5392D8001A88EA /* DishItems.plist */; };
		5C1D37D11D539AE6001A88EA /* DishDashItemDetailsViewController.m in Sources */ = {isa = PBXBuildFile; fileRef = 5C1D37D01D539AE6001A88EA /* DishDashItemDetailsViewController.m */; };
		80BBEF501D54DC3800B247EA /* Mask.png in Resources */ = {isa = PBXBuildFile; fileRef = 80BBEF4F1D54DC3800B247EA /* Mask.png */; };
		84EBF8F11D4A779100E83A03 /* main.m in Sources */ = {isa = PBXBuildFile; fileRef = 84EBF8F01D4A779100E83A03 /* main.m */; };
		84EBF8F41D4A779100E83A03 /* AppDelegate.m in Sources */ = {isa = PBXBuildFile; fileRef = 84EBF8F31D4A779100E83A03 /* AppDelegate.m */; };
		84EBF8F71D4A779100E83A03 /* ViewController.m in Sources */ = {isa = PBXBuildFile; fileRef = 84EBF8F61D4A779100E83A03 /* ViewController.m */; };
		84EBF8FA1D4A779200E83A03 /* Main.storyboard in Resources */ = {isa = PBXBuildFile; fileRef = 84EBF8F81D4A779200E83A03 /* Main.storyboard */; };
		84EBF8FC1D4A779200E83A03 /* Assets.xcassets in Resources */ = {isa = PBXBuildFile; fileRef = 84EBF8FB1D4A779200E83A03 /* Assets.xcassets */; };
		84EBF8FF1D4A779200E83A03 /* LaunchScreen.storyboard in Resources */ = {isa = PBXBuildFile; fileRef = 84EBF8FD1D4A779200E83A03 /* LaunchScreen.storyboard */; };
/* End PBXBuildFile section */

/* Begin PBXFileReference section */
		5C1D37C21D538FC0001A88EA /* Roboto-Bold.ttf */ = {isa = PBXFileReference; lastKnownFileType = file; path = "Roboto-Bold.ttf"; sourceTree = "<group>"; };
		5C1D37C31D538FC0001A88EA /* Roboto-Light.ttf */ = {isa = PBXFileReference; lastKnownFileType = file; path = "Roboto-Light.ttf"; sourceTree = "<group>"; };
		5C1D37C41D538FC0001A88EA /* Roboto-Medium.ttf */ = {isa = PBXFileReference; lastKnownFileType = file; path = "Roboto-Medium.ttf"; sourceTree = "<group>"; };
		5C1D37C51D538FC0001A88EA /* Roboto-Regular.ttf */ = {isa = PBXFileReference; lastKnownFileType = file; path = "Roboto-Regular.ttf"; sourceTree = "<group>"; };
		5C1D37CA1D539072001A88EA /* DishDashItemCollectionCell.h */ = {isa = PBXFileReference; fileEncoding = 4; lastKnownFileType = sourcecode.c.h; path = DishDashItemCollectionCell.h; sourceTree = "<group>"; };
		5C1D37CB1D539072001A88EA /* DishDashItemCollectionCell.m */ = {isa = PBXFileReference; fileEncoding = 4; lastKnownFileType = sourcecode.c.objc; path = DishDashItemCollectionCell.m; sourceTree = "<group>"; };
		5C1D37CD1D5392D8001A88EA /* DishItems.plist */ = {isa = PBXFileReference; fileEncoding = 4; lastKnownFileType = text.plist.xml; path = DishItems.plist; sourceTree = "<group>"; };
		5C1D37CF1D539AE6001A88EA /* DishDashItemDetailsViewController.h */ = {isa = PBXFileReference; fileEncoding = 4; lastKnownFileType = sourcecode.c.h; path = DishDashItemDetailsViewController.h; sourceTree = "<group>"; };
		5C1D37D01D539AE6001A88EA /* DishDashItemDetailsViewController.m */ = {isa = PBXFileReference; fileEncoding = 4; lastKnownFileType = sourcecode.c.objc; path = DishDashItemDetailsViewController.m; sourceTree = "<group>"; };
		5C1D37D21D539DDF001A88EA /* DishDashConstants.h */ = {isa = PBXFileReference; lastKnownFileType = sourcecode.c.h; path = DishDashConstants.h; sourceTree = "<group>"; };
		80BBEF4F1D54DC3800B247EA /* Mask.png */ = {isa = PBXFileReference; lastKnownFileType = image.png; path = Mask.png; sourceTree = "<group>"; };
		84EBF8EC1D4A779100E83A03 /* DishDash.app */ = {isa = PBXFileReference; explicitFileType = wrapper.application; includeInIndex = 0; path = DishDash.app; sourceTree = BUILT_PRODUCTS_DIR; };
		84EBF8F01D4A779100E83A03 /* main.m */ = {isa = PBXFileReference; lastKnownFileType = sourcecode.c.objc; path = main.m; sourceTree = "<group>"; };
		84EBF8F21D4A779100E83A03 /* AppDelegate.h */ = {isa = PBXFileReference; lastKnownFileType = sourcecode.c.h; path = AppDelegate.h; sourceTree = "<group>"; };
		84EBF8F31D4A779100E83A03 /* AppDelegate.m */ = {isa = PBXFileReference; lastKnownFileType = sourcecode.c.objc; path = AppDelegate.m; sourceTree = "<group>"; };
		84EBF8F51D4A779100E83A03 /* ViewController.h */ = {isa = PBXFileReference; lastKnownFileType = sourcecode.c.h; path = ViewController.h; sourceTree = "<group>"; };
		84EBF8F61D4A779100E83A03 /* ViewController.m */ = {isa = PBXFileReference; lastKnownFileType = sourcecode.c.objc; path = ViewController.m; sourceTree = "<group>"; };
		84EBF8F91D4A779200E83A03 /* Base */ = {isa = PBXFileReference; lastKnownFileType = file.storyboard; name = Base; path = Base.lproj/Main.storyboard; sourceTree = "<group>"; };
		84EBF8FB1D4A779200E83A03 /* Assets.xcassets */ = {isa = PBXFileReference; lastKnownFileType = folder.assetcatalog; path = Assets.xcassets; sourceTree = "<group>"; };
		84EBF8FE1D4A779200E83A03 /* Base */ = {isa = PBXFileReference; lastKnownFileType = file.storyboard; name = Base; path = Base.lproj/LaunchScreen.storyboard; sourceTree = "<group>"; };
		84EBF9001D4A779200E83A03 /* Info.plist */ = {isa = PBXFileReference; lastKnownFileType = text.plist.xml; path = Info.plist; sourceTree = "<group>"; };
/* End PBXFileReference section */

/* Begin PBXFrameworksBuildPhase section */
		84EBF8E91D4A779100E83A03 /* Frameworks */ = {
			isa = PBXFrameworksBuildPhase;
			buildActionMask = 2147483647;
			files = (
			);
			runOnlyForDeploymentPostprocessing = 0;
		};
/* End PBXFrameworksBuildPhase section */

/* Begin PBXGroup section */
		5C1D37C01D538FC0001A88EA /* Resources */ = {
			isa = PBXGroup;
			children = (
				5C1D37C11D538FC0001A88EA /* FontFiles */,
			);
			path = Resources;
			sourceTree = "<group>";
		};
		5C1D37C11D538FC0001A88EA /* FontFiles */ = {
			isa = PBXGroup;
			children = (
				5C1D37C21D538FC0001A88EA /* Roboto-Bold.ttf */,
				5C1D37C31D538FC0001A88EA /* Roboto-Light.ttf */,
				5C1D37C41D538FC0001A88EA /* Roboto-Medium.ttf */,
				5C1D37C51D538FC0001A88EA /* Roboto-Regular.ttf */,
			);
			path = FontFiles;
			sourceTree = "<group>";
		};
		84EBF8E31D4A779100E83A03 = {
			isa = PBXGroup;
			children = (
				84EBF8EE1D4A779100E83A03 /* NewOne */,
				84EBF8ED1D4A779100E83A03 /* Products */,
			);
			sourceTree = "<group>";
		};
		84EBF8ED1D4A779100E83A03 /* Products */ = {
			isa = PBXGroup;
			children = (
				84EBF8EC1D4A779100E83A03 /* DishDash.app */,
			);
			name = Products;
			sourceTree = "<group>";
		};
		84EBF8EE1D4A779100E83A03 /* NewOne */ = {
			isa = PBXGroup;
			children = (
				84EBF8F21D4A779100E83A03 /* AppDelegate.h */,
				84EBF8F31D4A779100E83A03 /* AppDelegate.m */,
				84EBF8F51D4A779100E83A03 /* ViewController.h */,
				84EBF8F61D4A779100E83A03 /* ViewController.m */,
				5C1D37CF1D539AE6001A88EA /* DishDashItemDetailsViewController.h */,
				5C1D37D01D539AE6001A88EA /* DishDashItemDetailsViewController.m */,
				80BBEF4F1D54DC3800B247EA /* Mask.png */,
				84EBF8F81D4A779200E83A03 /* Main.storyboard */,
				5C1D37CA1D539072001A88EA /* DishDashItemCollectionCell.h */,
				5C1D37CB1D539072001A88EA /* DishDashItemCollectionCell.m */,
				5C1D37D21D539DDF001A88EA /* DishDashConstants.h */,
				84EBF8FB1D4A779200E83A03 /* Assets.xcassets */,
				84EBF8FD1D4A779200E83A03 /* LaunchScreen.storyboard */,
				84EBF9001D4A779200E83A03 /* Info.plist */,
				5C1D37CD1D5392D8001A88EA /* DishItems.plist */,
				5C1D37C01D538FC0001A88EA /* Resources */,
				84EBF8EF1D4A779100E83A03 /* Supporting Files */,
			);
			path = NewOne;
			sourceTree = "<group>";
		};
		84EBF8EF1D4A779100E83A03 /* Supporting Files */ = {
			isa = PBXGroup;
			children = (
				84EBF8F01D4A779100E83A03 /* main.m */,
			);
			name = "Supporting Files";
			sourceTree = "<group>";
		};
/* End PBXGroup section */

/* Begin PBXNativeTarget section */
		84EBF8EB1D4A779100E83A03 /* NewOne */ = {
			isa = PBXNativeTarget;
			buildConfigurationList = 84EBF9031D4A779200E83A03 /* Build configuration list for PBXNativeTarget "NewOne" */;
			buildPhases = (
				84EBF8E81D4A779100E83A03 /* Sources */,
				84EBF8E91D4A779100E83A03 /* Frameworks */,
				84EBF8EA1D4A779100E83A03 /* Resources */,
			);
			buildRules = (
			);
			dependencies = (
			);
			name = NewOne;
			productName = NewOne;
			productReference = 84EBF8EC1D4A779100E83A03 /* DishDash.app */;
			productType = "com.apple.product-type.application";
		};
/* End PBXNativeTarget section */

/* Begin PBXProject section */
		84EBF8E41D4A779100E83A03 /* Project object */ = {
			isa = PBXProject;
			attributes = {
				LastUpgradeCheck = 0730;
				ORGANIZATIONNAME = "Goutham Nani";
				TargetAttributes = {
					84EBF8EB1D4A779100E83A03 = {
						CreatedOnToolsVersion = 7.3.1;
					};
				};
			};
			buildConfigurationList = 84EBF8E71D4A779100E83A03 /* Build configuration list for PBXProject "NewOne" */;
			compatibilityVersion = "Xcode 3.2";
			developmentRegion = English;
			hasScannedForEncodings = 0;
			knownRegions = (
				en,
				Base,
			);
			mainGroup = 84EBF8E31D4A779100E83A03;
			productRefGroup = 84EBF8ED1D4A779100E83A03 /* Products */;
			projectDirPath = "";
			projectRoot = "";
			targets = (
				84EBF8EB1D4A779100E83A03 /* NewOne */,
			);
		};
/* End PBXProject section */

/* Begin PBXResourcesBuildPhase section */
		84EBF8EA1D4A779100E83A03 /* Resources */ = {
			isa = PBXResourcesBuildPhase;
			buildActionMask = 2147483647;
			files = (
				84EBF8FF1D4A779200E83A03 /* LaunchScreen.storyboard in Resources */,
				80BBEF501D54DC3800B247EA /* Mask.png in Resources */,
				5C1D37C91D538FC0001A88EA /* Roboto-Regular.ttf in Resources */,
				84EBF8FC1D4A779200E83A03 /* Assets.xcassets in Resources */,
				5C1D37CE1D5392D8001A88EA /* DishItems.plist in Resources */,
				5C1D37C81D538FC0001A88EA /* Roboto-Medium.ttf in Resources */,
				5C1D37C71D538FC0001A88EA /* Roboto-Light.ttf in Resources */,
				5C1D37C61D538FC0001A88EA /* Roboto-Bold.ttf in Resources */,
				84EBF8FA1D4A779200E83A03 /* Main.storyboard in Resources */,
			);
			runOnlyForDeploymentPostprocessing = 0;
		};
/* End PBXResourcesBuildPhase section */

/* Begin PBXSourcesBuildPhase section */
		84EBF8E81D4A779100E83A03 /* Sources */ = {
			isa = PBXSourcesBuildPhase;
			buildActionMask = 2147483647;
			files = (
				5C1D37CC1D539072001A88EA /* DishDashItemCollectionCell.m in Sources */,
				84EBF8F71D4A779100E83A03 /* ViewController.m in Sources */,
				84EBF8F41D4A779100E83A03 /* AppDelegate.m in Sources */,
				5C1D37D11D539AE6001A88EA /* DishDashItemDetailsViewController.m in Sources */,
				84EBF8F11D4A779100E83A03 /* main.m in Sources */,
			);
			runOnlyForDeploymentPostprocessing = 0;
		};
/* End PBXSourcesBuildPhase section */

/* Begin PBXVariantGroup section */
		84EBF8F81D4A779200E83A03 /* Main.storyboard */ = {
			isa = PBXVariantGroup;
			children = (
				84EBF8F91D4A779200E83A03 /* Base */,
			);
			name = Main.storyboard;
			sourceTree = "<group>";
		};
		84EBF8FD1D4A779200E83A03 /* LaunchScreen.storyboard */ = {
			isa = PBXVariantGroup;
			children = (
				84EBF8FE1D4A779200E83A03 /* Base */,
			);
			name = LaunchScreen.storyboard;
			sourceTree = "<group>";
		};
/* End PBXVariantGroup section */

/* Begin XCBuildConfiguration section */
		84EBF9011D4A779200E83A03 /* Debug */ = {
			isa = XCBuildConfiguration;
			buildSettings = {
				ALWAYS_SEARCH_USER_PATHS = NO;
				CLANG_ANALYZER_NONNULL = YES;
				CLANG_CXX_LANGUAGE_STANDARD = "gnu++0x";
				CLANG_CXX_LIBRARY = "libc++";
				CLANG_ENABLE_MODULES = YES;
				CLANG_ENABLE_OBJC_ARC = YES;
				CLANG_WARN_BOOL_CONVERSION = YES;
				CLANG_WARN_CONSTANT_CONVERSION = YES;
				CLANG_WARN_DIRECT_OBJC_ISA_USAGE = YES_ERROR;
				CLANG_WARN_EMPTY_BODY = YES;
				CLANG_WARN_ENUM_CONVERSION = YES;
				CLANG_WARN_INT_CONVERSION = YES;
				CLANG_WARN_OBJC_ROOT_CLASS = YES_ERROR;
				CLANG_WARN_UNREACHABLE_CODE = YES;
				CLANG_WARN__DUPLICATE_METHOD_MATCH = YES;
				"CODE_SIGN_IDENTITY[sdk=iphoneos*]" = "iPhone Developer";
				COPY_PHASE_STRIP = NO;
				DEBUG_INFORMATION_FORMAT = dwarf;
				ENABLE_STRICT_OBJC_MSGSEND = YES;
				ENABLE_TESTABILITY = YES;
				GCC_C_LANGUAGE_STANDARD = gnu99;
				GCC_DYNAMIC_NO_PIC = NO;
				GCC_NO_COMMON_BLOCKS = YES;
				GCC_OPTIMIZATION_LEVEL = 0;
				GCC_PREPROCESSOR_DEFINITIONS = (
					"DEBUG=1",
					"$(inherited)",
				);
				GCC_WARN_64_TO_32_BIT_CONVERSION = YES;
				GCC_WARN_ABOUT_RETURN_TYPE = YES_ERROR;
				GCC_WARN_UNDECLARED_SELECTOR = YES;
				GCC_WARN_UNINITIALIZED_AUTOS = YES_AGGRESSIVE;
				GCC_WARN_UNUSED_FUNCTION = YES;
				GCC_WARN_UNUSED_VARIABLE = YES;
				IPHONEOS_DEPLOYMENT_TARGET = 8.0;
				MTL_ENABLE_DEBUG_INFO = YES;
				ONLY_ACTIVE_ARCH = YES;
				SDKROOT = iphoneos;
			};
			name = Debug;
		};
		84EBF9021D4A779200E83A03 /* Release */ = {
			isa = XCBuildConfiguration;
			buildSettings = {
				ALWAYS_SEARCH_USER_PATHS = NO;
				CLANG_ANALYZER_NONNULL = YES;
				CLANG_CXX_LANGUAGE_STANDARD = "gnu++0x";
				CLANG_CXX_LIBRARY = "libc++";
				CLANG_ENABLE_MODULES = YES;
				CLANG_ENABLE_OBJC_ARC = YES;
				CLANG_WARN_BOOL_CONVERSION = YES;
				CLANG_WARN_CONSTANT_CONVERSION = YES;
				CLANG_WARN_DIRECT_OBJC_ISA_USAGE = YES_ERROR;
				CLANG_WARN_EMPTY_BODY = YES;
				CLANG_WARN_ENUM_CONVERSION = YES;
				CLANG_WARN_INT_CONVERSION = YES;
				CLANG_WARN_OBJC_ROOT_CLASS = YES_ERROR;
				CLANG_WARN_UNREACHABLE_CODE = YES;
				CLANG_WARN__DUPLICATE_METHOD_MATCH = YES;
				"CODE_SIGN_IDENTITY[sdk=iphoneos*]" = "iPhone Developer";
				COPY_PHASE_STRIP = NO;
				DEBUG_INFORMATION_FORMAT = "dwarf-with-dsym";
				ENABLE_NS_ASSERTIONS = NO;
				ENABLE_STRICT_OBJC_MSGSEND = YES;
				GCC_C_LANGUAGE_STANDARD = gnu99;
				GCC_NO_COMMON_BLOCKS = YES;
				GCC_WARN_64_TO_32_BIT_CONVERSION = YES;
				GCC_WARN_ABOUT_RETURN_TYPE = YES_ERROR;
				GCC_WARN_UNDECLARED_SELECTOR = YES;
				GCC_WARN_UNINITIALIZED_AUTOS = YES_AGGRESSIVE;
				GCC_WARN_UNUSED_FUNCTION = YES;
				GCC_WARN_UNUSED_VARIABLE = YES;
				IPHONEOS_DEPLOYMENT_TARGET = 8.0;
				MTL_ENABLE_DEBUG_INFO = NO;
				SDKROOT = iphoneos;
				VALIDATE_PRODUCT = YES;
			};
			name = Release;
		};
		84EBF9041D4A779200E83A03 /* Debug */ = {
			isa = XCBuildConfiguration;
			buildSettings = {
				ASSETCATALOG_COMPILER_APPICON_NAME = AppIcon;
				INFOPLIST_FILE = NewOne/Info.plist;
				LD_RUNPATH_SEARCH_PATHS = "$(inherited) @executable_path/Frameworks";
				PRODUCT_BUNDLE_IDENTIFIER = com.vinay.NewOne;
				PRODUCT_NAME = DishDash;
			};
			name = Debug;
		};
		84EBF9051D4A779200E83A03 /* Release */ = {
			isa = XCBuildConfiguration;
			buildSettings = {
				ASSETCATALOG_COMPILER_APPICON_NAME = AppIcon;
				INFOPLIST_FILE = NewOne/Info.plist;
				LD_RUNPATH_SEARCH_PATHS = "$(inherited) @executable_path/Frameworks";
				PRODUCT_BUNDLE_IDENTIFIER = com.vinay.NewOne;
				PRODUCT_NAME = DishDash;
			};
			name = Release;
		};
/* End XCBuildConfiguration section */

/* Begin XCConfigurationList section */
		84EBF8E71D4A779100E83A03 /* Build configuration list for PBXProject "NewOne" */ = {
			isa = XCConfigurationList;
			buildConfigurations = (
				84EBF9011D4A779200E83A03 /* Debug */,
				84EBF9021D4A779200E83A03 /* Release */,
			);
			defaultConfigurationIsVisible = 0;
			defaultConfigurationName = Release;
		};
		84EBF9031D4A779200E83A03 /* Build configuration list for PBXNativeTarget "NewOne" */ = {
			isa = XCConfigurationList;
			buildConfigurations = (
				84EBF9041D4A779200E83A03 /* Debug */,
				84EBF9051D4A779200E83A03 /* Release */,
			);
			defaultConfigurationIsVisible = 0;
			defaultConfigurationName = Release;
		};
/* End XCConfigurationList section */
	};
	rootObject = 84EBF8E41D4A779100E83A03 /* Project object */;
}
